
Microsoft Visual Studio Solution File, Format Version 12.00
# Visual Studio Version 17
VisualStudioVersion = 17.13.35913.81 d17.13
MinimumVisualStudioVersion = 10.0.40219.1
Project("{FAE04EC0-301F-11D3-BF4B-00C04F79EFBC}") = "Programacion6", "Programacion6.csproj", "{601DE492-C09C-4C4F-BE06-E888274DCA94}"
EndProject
Global
	GlobalSection(SolutionConfigurationPlatforms) = preSolution
		Debug|Any CPU = Debug|Any CPU
		Release|Any CPU = Release|Any CPU
	EndGlobalSection
	GlobalSection(ProjectConfigurationPlatforms) = postSolution
		{601DE492-C09C-4C4F-BE06-E888274DCA94}.Debug|Any CPU.ActiveCfg = Debug|Any CPU
		{601DE492-C09C-4C4F-BE06-E888274DCA94}.Debug|Any CPU.Build.0 = Debug|Any CPU
		{601DE492-C09C-4C4F-BE06-E888274DCA94}.Release|Any CPU.ActiveCfg = Release|Any CPU
		{601DE492-C09C-4C4F-BE06-E888274DCA94}.Release|Any CPU.Build.0 = Release|Any CPU
	EndGlobalSection
	GlobalSection(SolutionProperties) = preSolution
		HideSolutionNode = FALSE
	EndGlobalSection
	GlobalSection(ExtensibilityGlobals) = postSolution
		SolutionGuid = {476B1E0B-34DC-45E0-8AFD-B9FC6BDF4883}
	EndGlobalSection
EndGlobal
